
Microsoft Visual Studio Solution File, Format Version 12.00
# Visual Studio Version 16
VisualStudioVersion = 16.0.30406.217
MinimumVisualStudioVersion = 10.0.40219.1
Project("{FAE04EC0-301F-11D3-BF4B-00C04F79EFBC}") = "LibraryManagementSystem", "LibraryManagementSystem.csproj", "{83C73A9C-50BC-48AF-B22C-E4A238E963A8}"
EndProject
Global
	GlobalSection(SolutionConfigurationPlatforms) = preSolution
		Debug|Any CPU = Debug|Any CPU
		Release|Any CPU = Release|Any CPU
	EndGlobalSection
	GlobalSection(ProjectConfigurationPlatforms) = postSolution
		{83C73A9C-50BC-48AF-B22C-E4A238E963A8}.Debug|Any CPU.ActiveCfg = Debug|Any CPU
		{83C73A9C-50BC-48AF-B22C-E4A238E963A8}.Debug|Any CPU.Build.0 = Debug|Any CPU
		{83C73A9C-50BC-48AF-B22C-E4A238E963A8}.Release|Any CPU.ActiveCfg = Release|Any CPU
		{83C73A9C-50BC-48AF-B22C-E4A238E963A8}.Release|Any CPU.Build.0 = Release|Any CPU
	EndGlobalSection
	GlobalSection(SolutionProperties) = preSolution
		HideSolutionNode = FALSE
	EndGlobalSection
	GlobalSection(ExtensibilityGlobals) = postSolution
		SolutionGuid = {0788223F-C0F2-4938-B392-8D2C2F918FAD}
	EndGlobalSection
EndGlobal
