
Microsoft Visual Studio Solution File, Format Version 12.00
# Visual Studio Version 16
VisualStudioVersion = 16.0.30406.217
MinimumVisualStudioVersion = 10.0.40219.1
Project("{FAE04EC0-301F-11D3-BF4B-00C04F79EFBC}") = "PictureViewer", "PictureViewer\PictureViewer.csproj", "{EE49D9BA-316E-4BD8-86B0-7EED28EA9090}"
EndProject
Global
	GlobalSection(SolutionConfigurationPlatforms) = preSolution
		Debug|Any CPU = Debug|Any CPU
		Release|Any CPU = Release|Any CPU
	EndGlobalSection
	GlobalSection(ProjectConfigurationPlatforms) = postSolution
		{EE49D9BA-316E-4BD8-86B0-7EED28EA9090}.Debug|Any CPU.ActiveCfg = Debug|Any CPU
		{EE49D9BA-316E-4BD8-86B0-7EED28EA9090}.Debug|Any CPU.Build.0 = Debug|Any CPU
		{EE49D9BA-316E-4BD8-86B0-7EED28EA9090}.Release|Any CPU.ActiveCfg = Release|Any CPU
		{EE49D9BA-316E-4BD8-86B0-7EED28EA9090}.Release|Any CPU.Build.0 = Release|Any CPU
	EndGlobalSection
	GlobalSection(SolutionProperties) = preSolution
		HideSolutionNode = FALSE
	EndGlobalSection
	GlobalSection(ExtensibilityGlobals) = postSolution
		SolutionGuid = {709B37F5-BFA3-409D-97AA-F866DF4EB710}
	EndGlobalSection
EndGlobal
