
Microsoft Visual Studio Solution File, Format Version 12.00
# Visual Studio Version 16
VisualStudioVersion = 16.0.30406.217
MinimumVisualStudioVersion = 10.0.40219.1
Project("{FAE04EC0-301F-11D3-BF4B-00C04F79EFBC}") = "HelloWorld", "HelloWorld\HelloWorld.csproj", "{DC8BE20A-FECB-452B-A38D-E9C72E48C93F}"
EndProject
Global
	GlobalSection(SolutionConfigurationPlatforms) = preSolution
		Debug|Any CPU = Debug|Any CPU
		Release|Any CPU = Release|Any CPU
	EndGlobalSection
	GlobalSection(ProjectConfigurationPlatforms) = postSolution
		{DC8BE20A-FECB-452B-A38D-E9C72E48C93F}.Debug|Any CPU.ActiveCfg = Debug|Any CPU
		{DC8BE20A-FECB-452B-A38D-E9C72E48C93F}.Debug|Any CPU.Build.0 = Debug|Any CPU
		{DC8BE20A-FECB-452B-A38D-E9C72E48C93F}.Release|Any CPU.ActiveCfg = Release|Any CPU
		{DC8BE20A-FECB-452B-A38D-E9C72E48C93F}.Release|Any CPU.Build.0 = Release|Any CPU
	EndGlobalSection
	GlobalSection(SolutionProperties) = preSolution
		HideSolutionNode = FALSE
	EndGlobalSection
	GlobalSection(ExtensibilityGlobals) = postSolution
		SolutionGuid = {D2E708AD-F15D-49FE-B4F3-D331CE05DC03}
	EndGlobalSection
EndGlobal
